
Microsoft Visual Studio Solution File, Format Version 12.00
# Visual Studio Version 16
VisualStudioVersion = 16.0.30621.155
MinimumVisualStudioVersion = 10.0.40219.1
Project("{FAE04EC0-301F-11D3-BF4B-00C04F79EFBC}") = "CalculatorApp.Android", "CalculatorApp\CalculatorApp.Android\CalculatorApp.Android.csproj", "{38F25D06-50C8-4946-B0A3-44D8CCDF418A}"
EndProject
Project("{FAE04EC0-301F-11D3-BF4B-00C04F79EFBC}") = "CalculatorApp", "CalculatorApp\CalculatorApp\CalculatorApp.csproj", "{CD9BCAAE-80D9-402E-8942-2964F10B6098}"
EndProject
Global
	GlobalSection(SolutionConfigurationPlatforms) = preSolution
		Debug|Any CPU = Debug|Any CPU
		Release|Any CPU = Release|Any CPU
	EndGlobalSection
	GlobalSection(ProjectConfigurationPlatforms) = postSolution
		{38F25D06-50C8-4946-B0A3-44D8CCDF418A}.Debug|Any CPU.ActiveCfg = Debug|Any CPU
		{38F25D06-50C8-4946-B0A3-44D8CCDF418A}.Debug|Any CPU.Build.0 = Debug|Any CPU
		{38F25D06-50C8-4946-B0A3-44D8CCDF418A}.Debug|Any CPU.Deploy.0 = Debug|Any CPU
		{38F25D06-50C8-4946-B0A3-44D8CCDF418A}.Release|Any CPU.ActiveCfg = Release|Any CPU
		{38F25D06-50C8-4946-B0A3-44D8CCDF418A}.Release|Any CPU.Build.0 = Release|Any CPU
		{38F25D06-50C8-4946-B0A3-44D8CCDF418A}.Release|Any CPU.Deploy.0 = Release|Any CPU
		{CD9BCAAE-80D9-402E-8942-2964F10B6098}.Debug|Any CPU.ActiveCfg = Debug|Any CPU
		{CD9BCAAE-80D9-402E-8942-2964F10B6098}.Debug|Any CPU.Build.0 = Debug|Any CPU
		{CD9BCAAE-80D9-402E-8942-2964F10B6098}.Debug|Any CPU.Deploy.0 = Debug|Any CPU
		{CD9BCAAE-80D9-402E-8942-2964F10B6098}.Release|Any CPU.ActiveCfg = Release|Any CPU
		{CD9BCAAE-80D9-402E-8942-2964F10B6098}.Release|Any CPU.Build.0 = Release|Any CPU
		{CD9BCAAE-80D9-402E-8942-2964F10B6098}.Release|Any CPU.Deploy.0 = Release|Any CPU
	EndGlobalSection
	GlobalSection(SolutionProperties) = preSolution
		HideSolutionNode = FALSE
	EndGlobalSection
	GlobalSection(ExtensibilityGlobals) = postSolution
		SolutionGuid = {36B4B9C5-C5FF-4CEF-A0AF-B79ECED60137}
	EndGlobalSection
EndGlobal
